{
  "name": "Signed Owl",
  "lockfileVersion": 3,
  "requires": true,
  "packages": {
    "": {
      "dependencies": {
        "@schedule-x/events-service": "^2.15.0",
        "@schedule-x/react": "^2.13.3",
        "@schedule-x/theme-default": "^2.15.0"
      }
    },
    "node_modules/@preact/signals": {
      "version": "1.3.2",
      "resolved": "https://registry.npmjs.org/@preact/signals/-/signals-1.3.2.tgz",
      "integrity": "sha512-naxcJgUJ6BTOROJ7C3QML7KvwKwCXQJYTc5L/b0eEsdYgPB6SxwoQ1vDGcS0Q7GVjAenVq/tXrybVdFShHYZWg==",
      "license": "MIT",
      "peer": true,
      "dependencies": {
        "@preact/signals-core": "^1.7.0"
      },
      "funding": {
        "type": "opencollective",
        "url": "https://opencollective.com/preact"
      },
      "peerDependencies": {
        "preact": "10.x"
      }
    },
    "node_modules/@preact/signals-core": {
      "version": "1.8.0",
      "resolved": "https://registry.npmjs.org/@preact/signals-core/-/signals-core-1.8.0.tgz",
      "integrity": "sha512-OBvUsRZqNmjzCZXWLxkZfhcgT+Fk8DDcT/8vD6a1xhDemodyy87UJRJfASMuSD8FaAIeGgGm85ydXhm7lr4fyA==",
      "license": "MIT",
      "peer": true,
      "funding": {
        "type": "opencollective",
        "url": "https://opencollective.com/preact"
      }
    },
    "node_modules/@schedule-x/calendar": {
      "version": "2.15.0",
      "resolved": "https://registry.npmjs.org/@schedule-x/calendar/-/calendar-2.15.0.tgz",
      "integrity": "sha512-yJK4MTClNUHcO2AEMA56OQZd8LwLHyB+6khnXdxsel1iTEF8g4T/ubiMpXY29K0Dso7z9HhcS2KKiWez3mMLGA==",
      "license": "MIT",
      "peer": true,
      "peerDependencies": {
        "@preact/signals": "^1.1.5",
        "preact": "^10.19.2"
      }
    },
    "node_modules/@schedule-x/events-service": {
      "version": "2.15.0",
      "resolved": "https://registry.npmjs.org/@schedule-x/events-service/-/events-service-2.15.0.tgz",
      "integrity": "sha512-McLUb8KbGnwCMJsQvIo2Hzp/2rbw3FcqgkxTWLICF7oxdmY9sf2UW1NwR3oH4jkqXRSHm8JzndHx38ii8VFmTA==",
      "license": "MIT"
    },
    "node_modules/@schedule-x/react": {
      "version": "2.13.3",
      "resolved": "https://registry.npmjs.org/@schedule-x/react/-/react-2.13.3.tgz",
      "integrity": "sha512-hlPdH6fTp69LSxZY0bCpYUZRj7HwWVbLdep0WXnoozSWZ48ZnGM7hsDuKZZ/BR5vPC4fHo6jpugjdrXQK/r9wg==",
      "license": "MIT",
      "peerDependencies": {
        "@schedule-x/calendar": "^2.14.1",
        "react": "^16.7.0 || ^17 || ^18 || ^19",
        "react-dom": "^16.7.0 || ^17 || ^18 || ^19"
      }
    },
    "node_modules/@schedule-x/theme-default": {
      "version": "2.15.0",
      "resolved": "https://registry.npmjs.org/@schedule-x/theme-default/-/theme-default-2.15.0.tgz",
      "integrity": "sha512-4+P4hVgQLpzKxi2a9H9UyKa6eaXOqG1qAqfWi4USZC6Wh3OHtQ16ZLjLSsoZdoxRly1uaJK8rgFj+S9EmAQXDw==",
      "license": "MIT"
    },
    "node_modules/preact": {
      "version": "10.25.4",
      "resolved": "https://registry.npmjs.org/preact/-/preact-10.25.4.tgz",
      "integrity": "sha512-jLdZDb+Q+odkHJ+MpW/9U5cODzqnB+fy2EiHSZES7ldV5LK7yjlVzTp7R8Xy6W6y75kfK8iWYtFVH7lvjwrCMA==",
      "license": "MIT",
      "peer": true,
      "funding": {
        "type": "opencollective",
        "url": "https://opencollective.com/preact"
      }
    },
    "node_modules/react": {
      "version": "19.0.0",
      "resolved": "https://registry.npmjs.org/react/-/react-19.0.0.tgz",
      "integrity": "sha512-V8AVnmPIICiWpGfm6GLzCR/W5FXLchHop40W4nXBmdlEceh16rCN8O8LNWm5bh5XUX91fh7KpA+W0TgMKmgTpQ==",
      "license": "MIT",
      "peer": true,
      "engines": {
        "node": ">=0.10.0"
      }
    },
    "node_modules/react-dom": {
      "version": "19.0.0",
      "resolved": "https://registry.npmjs.org/react-dom/-/react-dom-19.0.0.tgz",
      "integrity": "sha512-4GV5sHFG0e/0AD4X+ySy6UJd3jVl1iNsNHdpad0qhABJ11twS3TTBnseqsKurKcsNqCEFeGL3uLpVChpIO3QfQ==",
      "license": "MIT",
      "peer": true,
      "dependencies": {
        "scheduler": "^0.25.0"
      },
      "peerDependencies": {
        "react": "^19.0.0"
      }
    },
    "node_modules/scheduler": {
      "version": "0.25.0",
      "resolved": "https://registry.npmjs.org/scheduler/-/scheduler-0.25.0.tgz",
      "integrity": "sha512-xFVuu11jh+xcO7JOAGJNOXld8/TcEHK/4CituBUeUb5hqxJLj9YuemAEuvm9gQ/+pgXYfbQuqAkiYu+u7YEsNA==",
      "license": "MIT",
      "peer": true
    }
  }
}
